
Microsoft Visual Studio Solution File, Format Version 12.00
# Visual Studio Version 16
VisualStudioVersion = 16.0.30523.141
MinimumVisualStudioVersion = 10.0.40219.1
Project("{FAE04EC0-301F-11D3-BF4B-00C04F79EFBC}") = "CaclulatorConsoleApp", "CaclulatorConsoleApp\CaclulatorConsoleApp.csproj", "{91CF467C-D18A-47C6-A97E-53297758B056}"
EndProject
Project("{FAE04EC0-301F-11D3-BF4B-00C04F79EFBC}") = "CalculatorWindowsFormsApp", "CalculatorWindowsFormsApp\CalculatorWindowsFormsApp.csproj", "{A2874E96-2A73-44D4-87AC-E5B33EB203AB}"
EndProject
Project("{FAE04EC0-301F-11D3-BF4B-00C04F79EFBC}") = "CalculatorMachine", "Calculator Machine\CalculatorMachine.csproj", "{91888828-76D2-4C68-B3F1-058EC22878A9}"
EndProject
Global
	GlobalSection(SolutionConfigurationPlatforms) = preSolution
		Debug|Any CPU = Debug|Any CPU
		Release|Any CPU = Release|Any CPU
	EndGlobalSection
	GlobalSection(ProjectConfigurationPlatforms) = postSolution
		{91CF467C-D18A-47C6-A97E-53297758B056}.Debug|Any CPU.ActiveCfg = Debug|Any CPU
		{91CF467C-D18A-47C6-A97E-53297758B056}.Debug|Any CPU.Build.0 = Debug|Any CPU
		{91CF467C-D18A-47C6-A97E-53297758B056}.Release|Any CPU.ActiveCfg = Release|Any CPU
		{91CF467C-D18A-47C6-A97E-53297758B056}.Release|Any CPU.Build.0 = Release|Any CPU
		{A2874E96-2A73-44D4-87AC-E5B33EB203AB}.Debug|Any CPU.ActiveCfg = Debug|Any CPU
		{A2874E96-2A73-44D4-87AC-E5B33EB203AB}.Debug|Any CPU.Build.0 = Debug|Any CPU
		{A2874E96-2A73-44D4-87AC-E5B33EB203AB}.Release|Any CPU.ActiveCfg = Release|Any CPU
		{A2874E96-2A73-44D4-87AC-E5B33EB203AB}.Release|Any CPU.Build.0 = Release|Any CPU
		{91888828-76D2-4C68-B3F1-058EC22878A9}.Debug|Any CPU.ActiveCfg = Debug|Any CPU
		{91888828-76D2-4C68-B3F1-058EC22878A9}.Debug|Any CPU.Build.0 = Debug|Any CPU
		{91888828-76D2-4C68-B3F1-058EC22878A9}.Release|Any CPU.ActiveCfg = Release|Any CPU
		{91888828-76D2-4C68-B3F1-058EC22878A9}.Release|Any CPU.Build.0 = Release|Any CPU
	EndGlobalSection
	GlobalSection(SolutionProperties) = preSolution
		HideSolutionNode = FALSE
	EndGlobalSection
	GlobalSection(ExtensibilityGlobals) = postSolution
		SolutionGuid = {33341A8E-FC1E-4765-9672-738DC5659E9F}
	EndGlobalSection
EndGlobal
